
Microsoft Visual Studio Solution File, Format Version 11.00
# Visual Studio 2010
Project("{FAE04EC0-301F-11D3-BF4B-00C04F79EFBC}") = "UnityEngine.TestRunner", "UnityEngine.TestRunner.csproj", "{cff6026e-5aa0-8f87-640e-52b087bddfa7}"
EndProject
Project("{FAE04EC0-301F-11D3-BF4B-00C04F79EFBC}") = "UnityEngine.XR.LegacyInputHelpers", "UnityEngine.XR.LegacyInputHelpers.csproj", "{8570a7bc-796d-3b1e-75c9-681b4131c4fa}"
EndProject
Project("{FAE04EC0-301F-11D3-BF4B-00C04F79EFBC}") = "Unity.Timeline", "Unity.Timeline.csproj", "{54dca178-712f-f23c-8e18-6990a6f1c94f}"
EndProject
Project("{FAE04EC0-301F-11D3-BF4B-00C04F79EFBC}") = "UnityEngine.Monetization", "UnityEngine.Monetization.csproj", "{d3c1339a-c680-a908-15c8-c6436319cf3c}"
EndProject
Project("{FAE04EC0-301F-11D3-BF4B-00C04F79EFBC}") = "Unity.TextMeshPro", "Unity.TextMeshPro.csproj", "{1c19ef2f-b980-c8e3-75e9-48707ea393e4}"
EndProject
Project("{FAE04EC0-301F-11D3-BF4B-00C04F79EFBC}") = "UnityEngine.Purchasing", "UnityEngine.Purchasing.csproj", "{80f8a6d5-a95c-088b-6d21-b3f9175fd967}"
EndProject
Project("{FAE04EC0-301F-11D3-BF4B-00C04F79EFBC}") = "UnityEngine.Advertisements", "UnityEngine.Advertisements.csproj", "{06282115-0684-c8b2-6590-6a847c528888}"
EndProject
Project("{FAE04EC0-301F-11D3-BF4B-00C04F79EFBC}") = "Assembly-CSharp", "Assembly-CSharp.csproj", "{c654d09f-d9c0-c331-819a-2d3fe927d106}"
EndProject
Project("{FAE04EC0-301F-11D3-BF4B-00C04F79EFBC}") = "UnityEngine.SpatialTracking", "UnityEngine.SpatialTracking.csproj", "{86701f9e-7803-4dd7-8118-4d15e7dfee54}"
EndProject
Project("{FAE04EC0-301F-11D3-BF4B-00C04F79EFBC}") = "Unity.Analytics.DataPrivacy", "Unity.Analytics.DataPrivacy.csproj", "{3b85c529-3de5-4c57-fdf3-10abb2e67e7b}"
EndProject
Project("{FAE04EC0-301F-11D3-BF4B-00C04F79EFBC}") = "UnityEditor.TestRunner", "UnityEditor.TestRunner.csproj", "{0f1c1ecb-f026-f8c1-1d5f-4ed4d1e68117}"
EndProject
Project("{FAE04EC0-301F-11D3-BF4B-00C04F79EFBC}") = "Unity.Timeline.Editor", "Unity.Timeline.Editor.csproj", "{d9a0e05a-9d6b-96df-0337-9d230609988d}"
EndProject
Project("{FAE04EC0-301F-11D3-BF4B-00C04F79EFBC}") = "Unity.VisualStudio.Editor", "Unity.VisualStudio.Editor.csproj", "{aaac4d22-977c-a1df-7d5a-aff8b693e335}"
EndProject
Project("{FAE04EC0-301F-11D3-BF4B-00C04F79EFBC}") = "Unity.TextMeshPro.Editor", "Unity.TextMeshPro.Editor.csproj", "{3a147245-d353-38d9-3a64-67ea0b3c0d8b}"
EndProject
Project("{FAE04EC0-301F-11D3-BF4B-00C04F79EFBC}") = "Unity.CollabProxy.Editor", "Unity.CollabProxy.Editor.csproj", "{e4cfd182-2423-aa7e-d66c-72dd0ad27b33}"
EndProject
Project("{FAE04EC0-301F-11D3-BF4B-00C04F79EFBC}") = "Unity.Rider.Editor", "Unity.Rider.Editor.csproj", "{05190a2c-2172-14bd-00ad-e0bacfadf2b0}"
EndProject
Project("{FAE04EC0-301F-11D3-BF4B-00C04F79EFBC}") = "UnityEditor.XR.LegacyInputHelpers", "UnityEditor.XR.LegacyInputHelpers.csproj", "{85bee6d8-3f5a-16ed-dcfd-cad1b25b5ad2}"
EndProject
Project("{FAE04EC0-301F-11D3-BF4B-00C04F79EFBC}") = "Unity.VSCode.Editor", "Unity.VSCode.Editor.csproj", "{2d5120af-469c-c060-0223-1c45531829c6}"
EndProject
Project("{FAE04EC0-301F-11D3-BF4B-00C04F79EFBC}") = "UnityEditor.SpatialTracking", "UnityEditor.SpatialTracking.csproj", "{e1935af7-c872-67b7-546d-bb814e162ee0}"
EndProject
Project("{FAE04EC0-301F-11D3-BF4B-00C04F79EFBC}") = "UnityEditor.Purchasing", "UnityEditor.Purchasing.csproj", "{555b0c3e-65c3-3dbe-9195-fd8af50692db}"
EndProject
Global
	GlobalSection(SolutionConfigurationPlatforms) = preSolution
		Debug|Any CPU = Debug|Any CPU
	EndGlobalSection
	GlobalSection(ProjectConfigurationPlatforms) = postSolution
		{cff6026e-5aa0-8f87-640e-52b087bddfa7}.Debug|Any CPU.ActiveCfg = Debug|Any CPU
		{cff6026e-5aa0-8f87-640e-52b087bddfa7}.Debug|Any CPU.Build.0 = Debug|Any CPU
		{8570a7bc-796d-3b1e-75c9-681b4131c4fa}.Debug|Any CPU.ActiveCfg = Debug|Any CPU
		{8570a7bc-796d-3b1e-75c9-681b4131c4fa}.Debug|Any CPU.Build.0 = Debug|Any CPU
		{54dca178-712f-f23c-8e18-6990a6f1c94f}.Debug|Any CPU.ActiveCfg = Debug|Any CPU
		{54dca178-712f-f23c-8e18-6990a6f1c94f}.Debug|Any CPU.Build.0 = Debug|Any CPU
		{d3c1339a-c680-a908-15c8-c6436319cf3c}.Debug|Any CPU.ActiveCfg = Debug|Any CPU
		{d3c1339a-c680-a908-15c8-c6436319cf3c}.Debug|Any CPU.Build.0 = Debug|Any CPU
		{1c19ef2f-b980-c8e3-75e9-48707ea393e4}.Debug|Any CPU.ActiveCfg = Debug|Any CPU
		{1c19ef2f-b980-c8e3-75e9-48707ea393e4}.Debug|Any CPU.Build.0 = Debug|Any CPU
		{80f8a6d5-a95c-088b-6d21-b3f9175fd967}.Debug|Any CPU.ActiveCfg = Debug|Any CPU
		{80f8a6d5-a95c-088b-6d21-b3f9175fd967}.Debug|Any CPU.Build.0 = Debug|Any CPU
		{06282115-0684-c8b2-6590-6a847c528888}.Debug|Any CPU.ActiveCfg = Debug|Any CPU
		{06282115-0684-c8b2-6590-6a847c528888}.Debug|Any CPU.Build.0 = Debug|Any CPU
		{c654d09f-d9c0-c331-819a-2d3fe927d106}.Debug|Any CPU.ActiveCfg = Debug|Any CPU
		{c654d09f-d9c0-c331-819a-2d3fe927d106}.Debug|Any CPU.Build.0 = Debug|Any CPU
		{86701f9e-7803-4dd7-8118-4d15e7dfee54}.Debug|Any CPU.ActiveCfg = Debug|Any CPU
		{86701f9e-7803-4dd7-8118-4d15e7dfee54}.Debug|Any CPU.Build.0 = Debug|Any CPU
		{3b85c529-3de5-4c57-fdf3-10abb2e67e7b}.Debug|Any CPU.ActiveCfg = Debug|Any CPU
		{3b85c529-3de5-4c57-fdf3-10abb2e67e7b}.Debug|Any CPU.Build.0 = Debug|Any CPU
		{0f1c1ecb-f026-f8c1-1d5f-4ed4d1e68117}.Debug|Any CPU.ActiveCfg = Debug|Any CPU
		{0f1c1ecb-f026-f8c1-1d5f-4ed4d1e68117}.Debug|Any CPU.Build.0 = Debug|Any CPU
		{d9a0e05a-9d6b-96df-0337-9d230609988d}.Debug|Any CPU.ActiveCfg = Debug|Any CPU
		{d9a0e05a-9d6b-96df-0337-9d230609988d}.Debug|Any CPU.Build.0 = Debug|Any CPU
		{aaac4d22-977c-a1df-7d5a-aff8b693e335}.Debug|Any CPU.ActiveCfg = Debug|Any CPU
		{aaac4d22-977c-a1df-7d5a-aff8b693e335}.Debug|Any CPU.Build.0 = Debug|Any CPU
		{3a147245-d353-38d9-3a64-67ea0b3c0d8b}.Debug|Any CPU.ActiveCfg = Debug|Any CPU
		{3a147245-d353-38d9-3a64-67ea0b3c0d8b}.Debug|Any CPU.Build.0 = Debug|Any CPU
		{e4cfd182-2423-aa7e-d66c-72dd0ad27b33}.Debug|Any CPU.ActiveCfg = Debug|Any CPU
		{e4cfd182-2423-aa7e-d66c-72dd0ad27b33}.Debug|Any CPU.Build.0 = Debug|Any CPU
		{05190a2c-2172-14bd-00ad-e0bacfadf2b0}.Debug|Any CPU.ActiveCfg = Debug|Any CPU
		{05190a2c-2172-14bd-00ad-e0bacfadf2b0}.Debug|Any CPU.Build.0 = Debug|Any CPU
		{85bee6d8-3f5a-16ed-dcfd-cad1b25b5ad2}.Debug|Any CPU.ActiveCfg = Debug|Any CPU
		{85bee6d8-3f5a-16ed-dcfd-cad1b25b5ad2}.Debug|Any CPU.Build.0 = Debug|Any CPU
		{2d5120af-469c-c060-0223-1c45531829c6}.Debug|Any CPU.ActiveCfg = Debug|Any CPU
		{2d5120af-469c-c060-0223-1c45531829c6}.Debug|Any CPU.Build.0 = Debug|Any CPU
		{e1935af7-c872-67b7-546d-bb814e162ee0}.Debug|Any CPU.ActiveCfg = Debug|Any CPU
		{e1935af7-c872-67b7-546d-bb814e162ee0}.Debug|Any CPU.Build.0 = Debug|Any CPU
		{555b0c3e-65c3-3dbe-9195-fd8af50692db}.Debug|Any CPU.ActiveCfg = Debug|Any CPU
		{555b0c3e-65c3-3dbe-9195-fd8af50692db}.Debug|Any CPU.Build.0 = Debug|Any CPU
	EndGlobalSection
	GlobalSection(SolutionProperties) = preSolution
		HideSolutionNode = FALSE
	EndGlobalSection
EndGlobal
